
Microsoft Visual Studio Solution File, Format Version 12.00
# Visual Studio Version 16
VisualStudioVersion = 16.0.29728.190
MinimumVisualStudioVersion = 10.0.40219.1
Project("{9A19103F-16F7-4668-BE54-9A1E7A4F7556}") = "doorfail.zethos.UI", "doorfail.zethos.UI\doorfail.zethos.UI.csproj", "{2E6C0AAE-D010-4538-834F-E5903A5588AA}"
EndProject
Project("{9A19103F-16F7-4668-BE54-9A1E7A4F7556}") = "doorfail.zethos.compiler", "doorfail.zethos.compiler\doorfail.zethos.compiler.csproj", "{1EE71E6F-C46F-4489-93A1-4E8D098468F2}"
EndProject
Global
	GlobalSection(SolutionConfigurationPlatforms) = preSolution
		Debug|Any CPU = Debug|Any CPU
		Debug|x86 = Debug|x86
		Release|Any CPU = Release|Any CPU
		Release|x86 = Release|x86
	EndGlobalSection
	GlobalSection(ProjectConfigurationPlatforms) = postSolution
		{2E6C0AAE-D010-4538-834F-E5903A5588AA}.Debug|Any CPU.ActiveCfg = Debug|Any CPU
		{2E6C0AAE-D010-4538-834F-E5903A5588AA}.Debug|Any CPU.Build.0 = Debug|Any CPU
		{2E6C0AAE-D010-4538-834F-E5903A5588AA}.Debug|x86.ActiveCfg = Debug|Any CPU
		{2E6C0AAE-D010-4538-834F-E5903A5588AA}.Debug|x86.Build.0 = Debug|Any CPU
		{2E6C0AAE-D010-4538-834F-E5903A5588AA}.Release|Any CPU.ActiveCfg = Release|Any CPU
		{2E6C0AAE-D010-4538-834F-E5903A5588AA}.Release|Any CPU.Build.0 = Release|Any CPU
		{2E6C0AAE-D010-4538-834F-E5903A5588AA}.Release|x86.ActiveCfg = Release|Any CPU
		{2E6C0AAE-D010-4538-834F-E5903A5588AA}.Release|x86.Build.0 = Release|Any CPU
		{1EE71E6F-C46F-4489-93A1-4E8D098468F2}.Debug|Any CPU.ActiveCfg = Debug|Any CPU
		{1EE71E6F-C46F-4489-93A1-4E8D098468F2}.Debug|Any CPU.Build.0 = Debug|Any CPU
		{1EE71E6F-C46F-4489-93A1-4E8D098468F2}.Debug|x86.ActiveCfg = Debug|Any CPU
		{1EE71E6F-C46F-4489-93A1-4E8D098468F2}.Debug|x86.Build.0 = Debug|Any CPU
		{1EE71E6F-C46F-4489-93A1-4E8D098468F2}.Release|Any CPU.ActiveCfg = Release|Any CPU
		{1EE71E6F-C46F-4489-93A1-4E8D098468F2}.Release|Any CPU.Build.0 = Release|Any CPU
		{1EE71E6F-C46F-4489-93A1-4E8D098468F2}.Release|x86.ActiveCfg = Release|Any CPU
		{1EE71E6F-C46F-4489-93A1-4E8D098468F2}.Release|x86.Build.0 = Release|Any CPU
	EndGlobalSection
	GlobalSection(SolutionProperties) = preSolution
		HideSolutionNode = FALSE
	EndGlobalSection
	GlobalSection(ExtensibilityGlobals) = postSolution
		SolutionGuid = {87EABBB3-5F21-4DC8-A935-105B686AFD74}
	EndGlobalSection
EndGlobal
